Microsoft Visual Studio Solution File, Format Version 12.00
# Visual Studio Version 17
VisualStudioVersion = 17.5.2.0
MinimumVisualStudioVersion = 10.0.40219.1
Project("{FAE04EC0-301F-11D3-BF4B-00C04F79EFBC}") = "easygame", "easygame.csproj", "{61DB079B-CAE5-A65A-5847-C4E11A5ADD5B}"
EndProject
Global
	GlobalSection(SolutionConfigurationPlatforms) = preSolution
		Debug|Any CPU = Debug|Any CPU
		Release|Any CPU = Release|Any CPU
	EndGlobalSection
	GlobalSection(ProjectConfigurationPlatforms) = postSolution
		{61DB079B-CAE5-A65A-5847-C4E11A5ADD5B}.Debug|Any CPU.ActiveCfg = Debug|Any CPU
		{61DB079B-CAE5-A65A-5847-C4E11A5ADD5B}.Debug|Any CPU.Build.0 = Debug|Any CPU
		{61DB079B-CAE5-A65A-5847-C4E11A5ADD5B}.Release|Any CPU.ActiveCfg = Release|Any CPU
		{61DB079B-CAE5-A65A-5847-C4E11A5ADD5B}.Release|Any CPU.Build.0 = Release|Any CPU
	EndGlobalSection
	GlobalSection(SolutionProperties) = preSolution
		HideSolutionNode = FALSE
	EndGlobalSection
	GlobalSection(ExtensibilityGlobals) = postSolution
		SolutionGuid = {5AE75F5E-6610-4E36-9ED2-5301B59DD555}
	EndGlobalSection
EndGlobal
